
Microsoft Visual Studio Solution File, Format Version 12.00
# Visual Studio Version 17
VisualStudioVersion = 17.4.33213.308
MinimumVisualStudioVersion = 10.0.40219.1
Project("{FAE04EC0-301F-11D3-BF4B-00C04F79EFBC}") = "LAtelier.Catmash.Api", "LAtelier.Catmash.Api\LAtelier.Catmash.Api.csproj", "{9C900720-60FF-4B5A-87B3-BB398E0755A3}"
EndProject
Project("{FAE04EC0-301F-11D3-BF4B-00C04F79EFBC}") = "LAtelier.Catmash.Domain", "LAtelier.Catmash.Domain\LAtelier.Catmash.Domain.csproj", "{AD42CB08-D25F-4FAD-9833-E483C26DB90D}"
EndProject
Project("{FAE04EC0-301F-11D3-BF4B-00C04F79EFBC}") = "LAtelier.Catmash.Infrastructure", "LAtelier.Catmash.Infrastructure\LAtelier.Catmash.Infrastructure.csproj", "{D9D3C54B-956C-4C05-BCAE-D94AF9EF6F33}"
EndProject
Project("{FAE04EC0-301F-11D3-BF4B-00C04F79EFBC}") = "LAtelier.Catmash.Infrastructure.Tests", "LAtelier.Catmash.Infrastructure.Tests\LAtelier.Catmash.Infrastructure.Tests.csproj", "{78409FE2-01E7-407F-A46E-603EF4B8581D}"
EndProject
Project("{FAE04EC0-301F-11D3-BF4B-00C04F79EFBC}") = "LAtelier.Catmash.Api.Tests", "LAtelier.Catmash.Api.Tests\LAtelier.Catmash.Api.Tests.csproj", "{0C96854B-29E9-4C62-B1F2-C5E576BDE61C}"
EndProject
Global
	GlobalSection(SolutionConfigurationPlatforms) = preSolution
		Debug|Any CPU = Debug|Any CPU
		Release|Any CPU = Release|Any CPU
	EndGlobalSection
	GlobalSection(ProjectConfigurationPlatforms) = postSolution
		{9C900720-60FF-4B5A-87B3-BB398E0755A3}.Debug|Any CPU.ActiveCfg = Debug|Any CPU
		{9C900720-60FF-4B5A-87B3-BB398E0755A3}.Debug|Any CPU.Build.0 = Debug|Any CPU
		{9C900720-60FF-4B5A-87B3-BB398E0755A3}.Release|Any CPU.ActiveCfg = Release|Any CPU
		{9C900720-60FF-4B5A-87B3-BB398E0755A3}.Release|Any CPU.Build.0 = Release|Any CPU
		{AD42CB08-D25F-4FAD-9833-E483C26DB90D}.Debug|Any CPU.ActiveCfg = Debug|Any CPU
		{AD42CB08-D25F-4FAD-9833-E483C26DB90D}.Debug|Any CPU.Build.0 = Debug|Any CPU
		{AD42CB08-D25F-4FAD-9833-E483C26DB90D}.Release|Any CPU.ActiveCfg = Release|Any CPU
		{AD42CB08-D25F-4FAD-9833-E483C26DB90D}.Release|Any CPU.Build.0 = Release|Any CPU
		{D9D3C54B-956C-4C05-BCAE-D94AF9EF6F33}.Debug|Any CPU.ActiveCfg = Debug|Any CPU
		{D9D3C54B-956C-4C05-BCAE-D94AF9EF6F33}.Debug|Any CPU.Build.0 = Debug|Any CPU
		{D9D3C54B-956C-4C05-BCAE-D94AF9EF6F33}.Release|Any CPU.ActiveCfg = Release|Any CPU
		{D9D3C54B-956C-4C05-BCAE-D94AF9EF6F33}.Release|Any CPU.Build.0 = Release|Any CPU
		{78409FE2-01E7-407F-A46E-603EF4B8581D}.Debug|Any CPU.ActiveCfg = Debug|Any CPU
		{78409FE2-01E7-407F-A46E-603EF4B8581D}.Debug|Any CPU.Build.0 = Debug|Any CPU
		{78409FE2-01E7-407F-A46E-603EF4B8581D}.Release|Any CPU.ActiveCfg = Release|Any CPU
		{78409FE2-01E7-407F-A46E-603EF4B8581D}.Release|Any CPU.Build.0 = Release|Any CPU
		{0C96854B-29E9-4C62-B1F2-C5E576BDE61C}.Debug|Any CPU.ActiveCfg = Debug|Any CPU
		{0C96854B-29E9-4C62-B1F2-C5E576BDE61C}.Debug|Any CPU.Build.0 = Debug|Any CPU
		{0C96854B-29E9-4C62-B1F2-C5E576BDE61C}.Release|Any CPU.ActiveCfg = Release|Any CPU
		{0C96854B-29E9-4C62-B1F2-C5E576BDE61C}.Release|Any CPU.Build.0 = Release|Any CPU
	EndGlobalSection
	GlobalSection(SolutionProperties) = preSolution
		HideSolutionNode = FALSE
	EndGlobalSection
	GlobalSection(ExtensibilityGlobals) = postSolution
		SolutionGuid = {FF39E7D9-478A-4EF6-BEEE-1867FC2B0DBF}
	EndGlobalSection
EndGlobal
